
Microsoft Visual Studio Solution File, Format Version 12.00
Project("{FAE04EC0-301F-11D3-BF4B-00C04F79EFBC}") = "Forgepoint", "Forgepoint\Forgepoint.csproj", "{6B99682C-8260-4181-AB3B-44CB113A9F4F}"
EndProject
Project("{2150E333-8FDC-42A3-9474-1A3956D46DE8}") = "Solution Items", "Solution Items", "{1C56BD56-5FAC-4EC7-8705-823A285B502C}"
	ProjectSection(SolutionItems) = preProject
		compose.yaml = compose.yaml
	EndProjectSection
EndProject
Global
	GlobalSection(SolutionConfigurationPlatforms) = preSolution
		Debug|Any CPU = Debug|Any CPU
		Release|Any CPU = Release|Any CPU
	EndGlobalSection
	GlobalSection(ProjectConfigurationPlatforms) = postSolution
		{6B99682C-8260-4181-AB3B-44CB113A9F4F}.Debug|Any CPU.ActiveCfg = Debug|Any CPU
		{6B99682C-8260-4181-AB3B-44CB113A9F4F}.Debug|Any CPU.Build.0 = Debug|Any CPU
		{6B99682C-8260-4181-AB3B-44CB113A9F4F}.Release|Any CPU.ActiveCfg = Release|Any CPU
		{6B99682C-8260-4181-AB3B-44CB113A9F4F}.Release|Any CPU.Build.0 = Release|Any CPU
	EndGlobalSection
EndGlobal
